{
  "name": "public",
  "lockfileVersion": 2,
  "requires": true,
  "packages": {
    "": {
      "dependencies": {
        "typed": "^4.1.2"
      }
    },
    "node_modules/typed": {
      "version": "4.1.2",
      "resolved": "https://registry.npmjs.org/typed/-/typed-4.1.2.tgz",
      "integrity": "sha512-d3CvzKLxru/yFth2eupuKlXr7SObY6UnyhHlMaA4eYUhmNTWgmU9NRDhJ51BbX6kW/IO/0tms+nlSGro+BIOVQ=="
    }
  },
  "dependencies": {
    "typed": {
      "version": "4.1.2",
      "resolved": "https://registry.npmjs.org/typed/-/typed-4.1.2.tgz",
      "integrity": "sha512-d3CvzKLxru/yFth2eupuKlXr7SObY6UnyhHlMaA4eYUhmNTWgmU9NRDhJ51BbX6kW/IO/0tms+nlSGro+BIOVQ=="
    }
  }
}
